
Microsoft Visual Studio Solution File, Format Version 12.00
# Visual Studio 15
VisualStudioVersion = 15.0.28307.329
MinimumVisualStudioVersion = 10.0.40219.1
Project("{FAE04EC0-301F-11D3-BF4B-00C04F79EFBC}") = "InterfaceExercise", "InterfaceExercise\InterfaceExercise.csproj", "{C59DF58C-8220-42ED-9696-56AF668419C1}"
EndProject
Global
	GlobalSection(SolutionConfigurationPlatforms) = preSolution
		Debug|Any CPU = Debug|Any CPU
		Release|Any CPU = Release|Any CPU
	EndGlobalSection
	GlobalSection(ProjectConfigurationPlatforms) = postSolution
		{C59DF58C-8220-42ED-9696-56AF668419C1}.Debug|Any CPU.ActiveCfg = Debug|Any CPU
		{C59DF58C-8220-42ED-9696-56AF668419C1}.Debug|Any CPU.Build.0 = Debug|Any CPU
		{C59DF58C-8220-42ED-9696-56AF668419C1}.Release|Any CPU.ActiveCfg = Release|Any CPU
		{C59DF58C-8220-42ED-9696-56AF668419C1}.Release|Any CPU.Build.0 = Release|Any CPU
	EndGlobalSection
	GlobalSection(SolutionProperties) = preSolution
		HideSolutionNode = FALSE
	EndGlobalSection
	GlobalSection(ExtensibilityGlobals) = postSolution
		SolutionGuid = {D59F3F6B-2D4D-46C0-A605-323BC969563B}
	EndGlobalSection
EndGlobal
